// !$*UTF8*$!
{
	archiveVersion = 1;
	classes = {
	};
	objectVersion = 56;
	objects = {

/* Begin PBXBuildFile section */
		E340116C2BC2CA3F0018AE8F /* main.swift in Sources */ = {isa = PBXBuildFile; fileRef = E340116B2BC2CA3F0018AE8F /* main.swift */; };
		E34011742BC368B30018AE8F /* RequestTarget.swift in Sources */ = {isa = PBXBuildFile; fileRef = E34011732BC368B30018AE8F /* RequestTarget.swift */; };
		E34011762BC368CB0018AE8F /* Requesting.swift in Sources */ = {isa = PBXBuildFile; fileRef = E34011752BC368CB0018AE8F /* Requesting.swift */; };
		E34011782BC368DC0018AE8F /* RequestError.swift in Sources */ = {isa = PBXBuildFile; fileRef = E34011772BC368DC0018AE8F /* RequestError.swift */; };
		E340117A2BC368FA0018AE8F /* URLSessioning.swift in Sources */ = {isa = PBXBuildFile; fileRef = E34011792BC368FA0018AE8F /* URLSessioning.swift */; };
		E340117C2BC3690E0018AE8F /* JSONDecoding.swift in Sources */ = {isa = PBXBuildFile; fileRef = E340117B2BC3690E0018AE8F /* JSONDecoding.swift */; };
		E340117E2BC3691F0018AE8F /* URLSessionRequester.swift in Sources */ = {isa = PBXBuildFile; fileRef = E340117D2BC3691F0018AE8F /* URLSessionRequester.swift */; };
/* End PBXBuildFile section */

/* Begin PBXCopyFilesBuildPhase section */
		E34011662BC2CA3F0018AE8F /* CopyFiles */ = {
			isa = PBXCopyFilesBuildPhase;
			buildActionMask = 2147483647;
			dstPath = /usr/share/man/man1/;
			dstSubfolderSpec = 0;
			files = (
			);
			runOnlyForDeploymentPostprocessing = 1;
		};
/* End PBXCopyFilesBuildPhase section */

/* Begin PBXFileReference section */
		E34011682BC2CA3F0018AE8F /* NetworkLayer */ = {isa = PBXFileReference; explicitFileType = "compiled.mach-o.executable"; includeInIndex = 0; path = NetworkLayer; sourceTree = BUILT_PRODUCTS_DIR; };
		E340116B2BC2CA3F0018AE8F /* main.swift */ = {isa = PBXFileReference; lastKnownFileType = sourcecode.swift; path = main.swift; sourceTree = "<group>"; };
		E34011732BC368B30018AE8F /* RequestTarget.swift */ = {isa = PBXFileReference; lastKnownFileType = sourcecode.swift; path = RequestTarget.swift; sourceTree = "<group>"; };
		E34011752BC368CB0018AE8F /* Requesting.swift */ = {isa = PBXFileReference; lastKnownFileType = sourcecode.swift; path = Requesting.swift; sourceTree = "<group>"; };
		E34011772BC368DC0018AE8F /* RequestError.swift */ = {isa = PBXFileReference; lastKnownFileType = sourcecode.swift; path = RequestError.swift; sourceTree = "<group>"; };
		E34011792BC368FA0018AE8F /* URLSessioning.swift */ = {isa = PBXFileReference; lastKnownFileType = sourcecode.swift; path = URLSessioning.swift; sourceTree = "<group>"; };
		E340117B2BC3690E0018AE8F /* JSONDecoding.swift */ = {isa = PBXFileReference; lastKnownFileType = sourcecode.swift; path = JSONDecoding.swift; sourceTree = "<group>"; };
		E340117D2BC3691F0018AE8F /* URLSessionRequester.swift */ = {isa = PBXFileReference; lastKnownFileType = sourcecode.swift; path = URLSessionRequester.swift; sourceTree = "<group>"; };
/* End PBXFileReference section */

/* Begin PBXFrameworksBuildPhase section */
		E34011652BC2CA3F0018AE8F /* Frameworks */ = {
			isa = PBXFrameworksBuildPhase;
			buildActionMask = 2147483647;
			files = (
			);
			runOnlyForDeploymentPostprocessing = 0;
		};
/* End PBXFrameworksBuildPhase section */

/* Begin PBXGroup section */
		E340115F2BC2CA3F0018AE8F = {
			isa = PBXGroup;
			children = (
				E340116A2BC2CA3F0018AE8F /* NetworkLayer */,
				E34011692BC2CA3F0018AE8F /* Products */,
			);
			sourceTree = "<group>";
		};
		E34011692BC2CA3F0018AE8F /* Products */ = {
			isa = PBXGroup;
			children = (
				E34011682BC2CA3F0018AE8F /* NetworkLayer */,
			);
			name = Products;
			sourceTree = "<group>";
		};
		E340116A2BC2CA3F0018AE8F /* NetworkLayer */ = {
			isa = PBXGroup;
			children = (
				E34011722BC368A50018AE8F /* Network  */,
				E340116B2BC2CA3F0018AE8F /* main.swift */,
			);
			path = NetworkLayer;
			sourceTree = "<group>";
		};
		E34011722BC368A50018AE8F /* Network  */ = {
			isa = PBXGroup;
			children = (
				E34011732BC368B30018AE8F /* RequestTarget.swift */,
				E34011752BC368CB0018AE8F /* Requesting.swift */,
				E34011772BC368DC0018AE8F /* RequestError.swift */,
				E34011792BC368FA0018AE8F /* URLSessioning.swift */,
				E340117B2BC3690E0018AE8F /* JSONDecoding.swift */,
				E340117D2BC3691F0018AE8F /* URLSessionRequester.swift */,
			);
			path = "Network ";
			sourceTree = "<group>";
		};
/* End PBXGroup section */

/* Begin PBXNativeTarget section */
		E34011672BC2CA3F0018AE8F /* NetworkLayer */ = {
			isa = PBXNativeTarget;
			buildConfigurationList = E340116F2BC2CA3F0018AE8F /* Build configuration list for PBXNativeTarget "NetworkLayer" */;
			buildPhases = (
				E34011642BC2CA3F0018AE8F /* Sources */,
				E34011652BC2CA3F0018AE8F /* Frameworks */,
				E34011662BC2CA3F0018AE8F /* CopyFiles */,
			);
			buildRules = (
			);
			dependencies = (
			);
			name = NetworkLayer;
			productName = JobsityTest;
			productReference = E34011682BC2CA3F0018AE8F /* NetworkLayer */;
			productType = "com.apple.product-type.tool";
		};
/* End PBXNativeTarget section */

/* Begin PBXProject section */
		E34011602BC2CA3F0018AE8F /* Project object */ = {
			isa = PBXProject;
			attributes = {
				BuildIndependentTargetsInParallel = 1;
				LastSwiftUpdateCheck = 1530;
				LastUpgradeCheck = 1530;
				TargetAttributes = {
					E34011672BC2CA3F0018AE8F = {
						CreatedOnToolsVersion = 15.3;
					};
				};
			};
			buildConfigurationList = E34011632BC2CA3F0018AE8F /* Build configuration list for PBXProject "NetworkLayer" */;
			compatibilityVersion = "Xcode 14.0";
			developmentRegion = en;
			hasScannedForEncodings = 0;
			knownRegions = (
				en,
				Base,
			);
			mainGroup = E340115F2BC2CA3F0018AE8F;
			productRefGroup = E34011692BC2CA3F0018AE8F /* Products */;
			projectDirPath = "";
			projectRoot = "";
			targets = (
				E34011672BC2CA3F0018AE8F /* NetworkLayer */,
			);
		};
/* End PBXProject section */

/* Begin PBXSourcesBuildPhase section */
		E34011642BC2CA3F0018AE8F /* Sources */ = {
			isa = PBXSourcesBuildPhase;
			buildActionMask = 2147483647;
			files = (
				E34011782BC368DC0018AE8F /* RequestError.swift in Sources */,
				E340117A2BC368FA0018AE8F /* URLSessioning.swift in Sources */,
				E34011742BC368B30018AE8F /* RequestTarget.swift in Sources */,
				E340117E2BC3691F0018AE8F /* URLSessionRequester.swift in Sources */,
				E340116C2BC2CA3F0018AE8F /* main.swift in Sources */,
				E340117C2BC3690E0018AE8F /* JSONDecoding.swift in Sources */,
				E34011762BC368CB0018AE8F /* Requesting.swift in Sources */,
			);
			runOnlyForDeploymentPostprocessing = 0;
		};
/* End PBXSourcesBuildPhase section */

/* Begin XCBuildConfiguration section */
		E340116D2BC2CA3F0018AE8F /* Debug */ = {
			isa = XCBuildConfiguration;
			buildSettings = {
				ALWAYS_SEARCH_USER_PATHS = NO;
				ASSETCATALOG_COMPILER_GENERATE_SWIFT_ASSET_SYMBOL_EXTENSIONS = YES;
				CLANG_ANALYZER_NONNULL = YES;
				CLANG_ANALYZER_NUMBER_OBJECT_CONVERSION = YES_AGGRESSIVE;
				CLANG_CXX_LANGUAGE_STANDARD = "gnu++20";
				CLANG_ENABLE_MODULES = YES;
				CLANG_ENABLE_OBJC_ARC = YES;
				CLANG_ENABLE_OBJC_WEAK = YES;
				CLANG_WARN_BLOCK_CAPTURE_AUTORELEASING = YES;
				CLANG_WARN_BOOL_CONVERSION = YES;
				CLANG_WARN_COMMA = YES;
				CLANG_WARN_CONSTANT_CONVERSION = YES;
				CLANG_WARN_DEPRECATED_OBJC_IMPLEMENTATIONS = YES;
				CLANG_WARN_DIRECT_OBJC_ISA_USAGE = YES_ERROR;
				CLANG_WARN_DOCUMENTATION_COMMENTS = YES;
				CLANG_WARN_EMPTY_BODY = YES;
				CLANG_WARN_ENUM_CONVERSION = YES;
				CLANG_WARN_INFINITE_RECURSION = YES;
				CLANG_WARN_INT_CONVERSION = YES;
				CLANG_WARN_NON_LITERAL_NULL_CONVERSION = YES;
				CLANG_WARN_OBJC_IMPLICIT_RETAIN_SELF = YES;
				CLANG_WARN_OBJC_LITERAL_CONVERSION = YES;
				CLANG_WARN_OBJC_ROOT_CLASS = YES_ERROR;
				CLANG_WARN_QUOTED_INCLUDE_IN_FRAMEWORK_HEADER = YES;
				CLANG_WARN_RANGE_LOOP_ANALYSIS = YES;
				CLANG_WARN_STRICT_PROTOTYPES = YES;
				CLANG_WARN_SUSPICIOUS_MOVE = YES;
				CLANG_WARN_UNGUARDED_AVAILABILITY = YES_AGGRESSIVE;
				CLANG_WARN_UNREACHABLE_CODE = YES;
				CLANG_WARN__DUPLICATE_METHOD_MATCH = YES;
				COPY_PHASE_STRIP = NO;
				DEBUG_INFORMATION_FORMAT = dwarf;
				ENABLE_STRICT_OBJC_MSGSEND = YES;
				ENABLE_TESTABILITY = YES;
				ENABLE_USER_SCRIPT_SANDBOXING = YES;
				GCC_C_LANGUAGE_STANDARD = gnu17;
				GCC_DYNAMIC_NO_PIC = NO;
				GCC_NO_COMMON_BLOCKS = YES;
				GCC_OPTIMIZATION_LEVEL = 0;
				GCC_PREPROCESSOR_DEFINITIONS = (
					"DEBUG=1",
					"$(inherited)",
				);
				GCC_WARN_64_TO_32_BIT_CONVERSION = YES;
				GCC_WARN_ABOUT_RETURN_TYPE = YES_ERROR;
				GCC_WARN_UNDECLARED_SELECTOR = YES;
				GCC_WARN_UNINITIALIZED_AUTOS = YES_AGGRESSIVE;
				GCC_WARN_UNUSED_FUNCTION = YES;
				GCC_WARN_UNUSED_VARIABLE = YES;
				LOCALIZATION_PREFERS_STRING_CATALOGS = YES;
				MACOSX_DEPLOYMENT_TARGET = 14.4;
				MTL_ENABLE_DEBUG_INFO = INCLUDE_SOURCE;
				MTL_FAST_MATH = YES;
				ONLY_ACTIVE_ARCH = YES;
				SDKROOT = macosx;
				SWIFT_ACTIVE_COMPILATION_CONDITIONS = "DEBUG $(inherited)";
				SWIFT_OPTIMIZATION_LEVEL = "-Onone";
			};
			name = Debug;
		};
		E340116E2BC2CA3F0018AE8F /* Release */ = {
			isa = XCBuildConfiguration;
			buildSettings = {
				ALWAYS_SEARCH_USER_PATHS = NO;
				ASSETCATALOG_COMPILER_GENERATE_SWIFT_ASSET_SYMBOL_EXTENSIONS = YES;
				CLANG_ANALYZER_NONNULL = YES;
				CLANG_ANALYZER_NUMBER_OBJECT_CONVERSION = YES_AGGRESSIVE;
				CLANG_CXX_LANGUAGE_STANDARD = "gnu++20";
				CLANG_ENABLE_MODULES = YES;
				CLANG_ENABLE_OBJC_ARC = YES;
				CLANG_ENABLE_OBJC_WEAK = YES;
				CLANG_WARN_BLOCK_CAPTURE_AUTORELEASING = YES;
				CLANG_WARN_BOOL_CONVERSION = YES;
				CLANG_WARN_COMMA = YES;
				CLANG_WARN_CONSTANT_CONVERSION = YES;
				CLANG_WARN_DEPRECATED_OBJC_IMPLEMENTATIONS = YES;
				CLANG_WARN_DIRECT_OBJC_ISA_USAGE = YES_ERROR;
				CLANG_WARN_DOCUMENTATION_COMMENTS = YES;
				CLANG_WARN_EMPTY_BODY = YES;
				CLANG_WARN_ENUM_CONVERSION = YES;
				CLANG_WARN_INFINITE_RECURSION = YES;
				CLANG_WARN_INT_CONVERSION = YES;
				CLANG_WARN_NON_LITERAL_NULL_CONVERSION = YES;
				CLANG_WARN_OBJC_IMPLICIT_RETAIN_SELF = YES;
				CLANG_WARN_OBJC_LITERAL_CONVERSION = YES;
				CLANG_WARN_OBJC_ROOT_CLASS = YES_ERROR;
				CLANG_WARN_QUOTED_INCLUDE_IN_FRAMEWORK_HEADER = YES;
				CLANG_WARN_RANGE_LOOP_ANALYSIS = YES;
				CLANG_WARN_STRICT_PROTOTYPES = YES;
				CLANG_WARN_SUSPICIOUS_MOVE = YES;
				CLANG_WARN_UNGUARDED_AVAILABILITY = YES_AGGRESSIVE;
				CLANG_WARN_UNREACHABLE_CODE = YES;
				CLANG_WARN__DUPLICATE_METHOD_MATCH = YES;
				COPY_PHASE_STRIP = NO;
				DEBUG_INFORMATION_FORMAT = "dwarf-with-dsym";
				ENABLE_NS_ASSERTIONS = NO;
				ENABLE_STRICT_OBJC_MSGSEND = YES;
				ENABLE_USER_SCRIPT_SANDBOXING = YES;
				GCC_C_LANGUAGE_STANDARD = gnu17;
				GCC_NO_COMMON_BLOCKS = YES;
				GCC_WARN_64_TO_32_BIT_CONVERSION = YES;
				GCC_WARN_ABOUT_RETURN_TYPE = YES_ERROR;
				GCC_WARN_UNDECLARED_SELECTOR = YES;
				GCC_WARN_UNINITIALIZED_AUTOS = YES_AGGRESSIVE;
				GCC_WARN_UNUSED_FUNCTION = YES;
				GCC_WARN_UNUSED_VARIABLE = YES;
				LOCALIZATION_PREFERS_STRING_CATALOGS = YES;
				MACOSX_DEPLOYMENT_TARGET = 14.4;
				MTL_ENABLE_DEBUG_INFO = NO;
				MTL_FAST_MATH = YES;
				SDKROOT = macosx;
				SWIFT_COMPILATION_MODE = wholemodule;
			};
			name = Release;
		};
		E34011702BC2CA3F0018AE8F /* Debug */ = {
			isa = XCBuildConfiguration;
			buildSettings = {
				CODE_SIGN_STYLE = Automatic;
				DEVELOPMENT_TEAM = Z8P97P3QB4;
				ENABLE_HARDENED_RUNTIME = YES;
				PRODUCT_NAME = "$(TARGET_NAME)";
				SWIFT_VERSION = 5.0;
			};
			name = Debug;
		};
		E34011712BC2CA3F0018AE8F /* Release */ = {
			isa = XCBuildConfiguration;
			buildSettings = {
				CODE_SIGN_STYLE = Automatic;
				DEVELOPMENT_TEAM = Z8P97P3QB4;
				ENABLE_HARDENED_RUNTIME = YES;
				PRODUCT_NAME = "$(TARGET_NAME)";
				SWIFT_VERSION = 5.0;
			};
			name = Release;
		};
/* End XCBuildConfiguration section */

/* Begin XCConfigurationList section */
		E34011632BC2CA3F0018AE8F /* Build configuration list for PBXProject "NetworkLayer" */ = {
			isa = XCConfigurationList;
			buildConfigurations = (
				E340116D2BC2CA3F0018AE8F /* Debug */,
				E340116E2BC2CA3F0018AE8F /* Release */,
			);
			defaultConfigurationIsVisible = 0;
			defaultConfigurationName = Release;
		};
		E340116F2BC2CA3F0018AE8F /* Build configuration list for PBXNativeTarget "NetworkLayer" */ = {
			isa = XCConfigurationList;
			buildConfigurations = (
				E34011702BC2CA3F0018AE8F /* Debug */,
				E34011712BC2CA3F0018AE8F /* Release */,
			);
			defaultConfigurationIsVisible = 0;
			defaultConfigurationName = Release;
		};
/* End XCConfigurationList section */
	};
	rootObject = E34011602BC2CA3F0018AE8F /* Project object */;
}
